
Microsoft Visual Studio Solution File, Format Version 12.00
Project("{FAE04EC0-301F-11D3-BF4B-00C04F79EFBC}") = "Kedy.Result", "Kedy.Result\Kedy.Result.csproj", "{697AC079-6241-4EDA-AD02-6577114A488E}"
EndProject
Project("{FAE04EC0-301F-11D3-BF4B-00C04F79EFBC}") = "Kedy.Result.Test", "Kedy.Result.Test\Kedy.Result.Test.csproj", "{6EBB39A1-B100-4558-9B79-96A0706C5397}"
EndProject
Global
	GlobalSection(SolutionConfigurationPlatforms) = preSolution
		Debug|Any CPU = Debug|Any CPU
		Release|Any CPU = Release|Any CPU
	EndGlobalSection
	GlobalSection(ProjectConfigurationPlatforms) = postSolution
		{697AC079-6241-4EDA-AD02-6577114A488E}.Debug|Any CPU.ActiveCfg = Debug|Any CPU
		{697AC079-6241-4EDA-AD02-6577114A488E}.Debug|Any CPU.Build.0 = Debug|Any CPU
		{697AC079-6241-4EDA-AD02-6577114A488E}.Release|Any CPU.ActiveCfg = Release|Any CPU
		{697AC079-6241-4EDA-AD02-6577114A488E}.Release|Any CPU.Build.0 = Release|Any CPU
		{6EBB39A1-B100-4558-9B79-96A0706C5397}.Debug|Any CPU.ActiveCfg = Debug|Any CPU
		{6EBB39A1-B100-4558-9B79-96A0706C5397}.Debug|Any CPU.Build.0 = Debug|Any CPU
		{6EBB39A1-B100-4558-9B79-96A0706C5397}.Release|Any CPU.ActiveCfg = Release|Any CPU
		{6EBB39A1-B100-4558-9B79-96A0706C5397}.Release|Any CPU.Build.0 = Release|Any CPU
	EndGlobalSection
EndGlobal
